{
    "_readme": [
        "This file locks the dependencies of your project to a known state",
        "Read more about it at https://getcomposer.org/doc/01-basic-usage.md#installing-dependencies",
        "This file is @generated automatically"
    ],
    "content-hash": "7cde01fff2c195f5884d220272175aa0",
    "packages": [
        {
            "name": "a1phanumeric/php-mysql-class",
            "version": "2.1",
            "source": {
                "type": "git",
                "url": "https://github.com/a1phanumeric/PHP-MySQL-Class.git",
                "reference": "9c189d039a68211828100bcd592fc09cb057df86"
            },
            "dist": {
                "type": "zip",
                "url": "https://api.github.com/repos/a1phanumeric/PHP-MySQL-Class/zipball/9c189d039a68211828100bcd592fc09cb057df86",
                "reference": "9c189d039a68211828100bcd592fc09cb057df86",
                "shasum": ""
            },
            "type": "library",
            "autoload": {
                "psr-4": {
                    "A1phanumeric\\": ""
                }
            },
            "notification-url": "https://packagist.org/downloads/",
            "license": [
                "MIT"
            ],
            "authors": [
                {
                    "name": "Ed",
                    "email": "ed.rackham19@gmail.com"
                }
            ],
            "description": "This is a simple to use PHP MySQL class that easily bolts on to any existing PHP application, streamlining your MySQL interactions.",
            "support": {
                "issues": "https://github.com/a1phanumeric/PHP-MySQL-Class/issues",
                "source": "https://github.com/a1phanumeric/PHP-MySQL-Class/tree/2.1"
            },
            "time": "2023-11-29T11:01:21+00:00"
        },
        {
            "name": "robthree/twofactorauth",
            "version": "v2.1.0",
            "source": {
                "type": "git",
                "url": "https://github.com/RobThree/TwoFactorAuth.git",
                "reference": "ab93dd41ced7818ecda83a37c2741ee38bb72fb7"
            },
            "dist": {
                "type": "zip",
                "url": "https://api.github.com/repos/RobThree/TwoFactorAuth/zipball/ab93dd41ced7818ecda83a37c2741ee38bb72fb7",
                "reference": "ab93dd41ced7818ecda83a37c2741ee38bb72fb7",
                "shasum": ""
            },
            "require": {
                "php": ">=8.1.0"
            },
            "require-dev": {
                "friendsofphp/php-cs-fixer": "^3.13",
                "phpstan/phpstan": "^1.9",
                "phpunit/phpunit": "^9"
            },
            "suggest": {
                "bacon/bacon-qr-code": "Needed for BaconQrCodeProvider provider",
                "endroid/qr-code": "Needed for EndroidQrCodeProvider"
            },
            "type": "library",
            "autoload": {
                "psr-4": {
                    "RobThree\\Auth\\": "lib"
                }
            },
            "notification-url": "https://packagist.org/downloads/",
            "license": [
                "MIT"
            ],
            "authors": [
                {
                    "name": "Rob Janssen",
                    "homepage": "http://robiii.me",
                    "role": "Developer"
                },
                {
                    "name": "Nicolas CARPi",
                    "homepage": "https://github.com/NicolasCARPi",
                    "role": "Developer"
                },
                {
                    "name": "Will Power",
                    "homepage": "https://github.com/willpower232",
                    "role": "Developer"
                }
            ],
            "description": "Two Factor Authentication",
            "homepage": "https://github.com/RobThree/TwoFactorAuth",
            "keywords": [
                "Authentication",
                "MFA",
                "Multi Factor Authentication",
                "Two Factor Authentication",
                "authenticator",
                "authy",
                "php",
                "tfa"
            ],
            "support": {
                "issues": "https://github.com/RobThree/TwoFactorAuth/issues",
                "source": "https://github.com/RobThree/TwoFactorAuth"
            },
            "funding": [
                {
                    "url": "https://paypal.me/robiii",
                    "type": "custom"
                },
                {
                    "url": "https://github.com/RobThree",
                    "type": "github"
                }
            ],
            "time": "2023-11-14T12:50:27+00:00"
        },
        {
            "name": "twbs/bootstrap",
            "version": "v5.2.3",
            "source": {
                "type": "git",
                "url": "https://github.com/twbs/bootstrap.git",
                "reference": "cb021439c683d9805e2864c58095b92d405e9b11"
            },
            "dist": {
                "type": "zip",
                "url": "https://api.github.com/repos/twbs/bootstrap/zipball/cb021439c683d9805e2864c58095b92d405e9b11",
                "reference": "cb021439c683d9805e2864c58095b92d405e9b11",
                "shasum": ""
            },
            "replace": {
                "twitter/bootstrap": "self.version"
            },
            "type": "library",
            "notification-url": "https://packagist.org/downloads/",
            "license": [
                "MIT"
            ],
            "authors": [
                {
                    "name": "Mark Otto",
                    "email": "markdotto@gmail.com"
                },
                {
                    "name": "Jacob Thornton",
                    "email": "jacobthornton@gmail.com"
                }
            ],
            "description": "The most popular front-end framework for developing responsive, mobile first projects on the web.",
            "homepage": "https://getbootstrap.com/",
            "keywords": [
                "JS",
                "css",
                "framework",
                "front-end",
                "mobile-first",
                "responsive",
                "sass",
                "web"
            ],
            "support": {
                "issues": "https://github.com/twbs/bootstrap/issues",
                "source": "https://github.com/twbs/bootstrap/tree/v5.2.3"
            },
            "time": "2022-11-21T18:19:01+00:00"
        },
        {
            "name": "twbs/bootstrap-icons",
            "version": "v1.11.2",
            "source": {
                "type": "git",
                "url": "https://github.com/twbs/icons.git",
                "reference": "108565f11f099f177b31929e3eafc2c8d497fcd1"
            },
            "dist": {
                "type": "zip",
                "url": "https://api.github.com/repos/twbs/icons/zipball/108565f11f099f177b31929e3eafc2c8d497fcd1",
                "reference": "108565f11f099f177b31929e3eafc2c8d497fcd1",
                "shasum": ""
            },
            "type": "library",
            "notification-url": "https://packagist.org/downloads/",
            "license": [
                "MIT"
            ],
            "authors": [
                {
                    "name": "Mark Otto",
                    "email": "markdotto@gmail.com"
                }
            ],
            "description": "Official open source SVG icon library for Bootstrap",
            "homepage": "https://icons.getbootstrap.com/",
            "keywords": [
                "bootstrap",
                "icon font",
                "icons",
                "svg"
            ],
            "support": {
                "issues": "https://github.com/twbs/icons/issues",
                "source": "https://github.com/twbs/icons/tree/v1.11.2"
            },
            "time": "2023-11-21T20:06:00+00:00"
        }
    ],
    "packages-dev": [],
    "aliases": [],
    "minimum-stability": "stable",
    "stability-flags": [],
    "prefer-stable": false,
    "prefer-lowest": false,
    "platform": [],
    "platform-dev": [],
    "plugin-api-version": "2.3.0"
}
