lockfileVersion: '6.0'

settings:
  autoInstallPeers: true
  excludeLinksFromLockfile: false

dependencies:
  datatables.net-buttons-bs5:
    specifier: ^2.4.2
    version: 2.4.2
  datatables.net-dt:
    specifier: ^1.13.8
    version: 1.13.8
  datatables.net-plugins:
    specifier: ^1.13.6
    version: 1.13.6
  jquery:
    specifier: ^3.7.1
    version: 3.7.1

packages:

  /@types/jquery@3.5.29:
    resolution: {integrity: sha512-oXQQC9X9MOPRrMhPHHOsXqeQDnWeCDT3PelUIg/Oy8FAbzSZtFHRjc7IpbfFVmpLtJ+UOoywpRsuO5Jxjybyeg==}
    dependencies:
      '@types/sizzle': 2.3.8
    dev: false

  /@types/sizzle@2.3.8:
    resolution: {integrity: sha512-0vWLNK2D5MT9dg0iOo8GlKguPAU02QjmZitPEsXRuJXU/OGIOt9vT9Fc26wtYuavLxtO45v9PGleoL9Z0k1LHg==}
    dev: false

  /datatables.net-bs5@1.13.8:
    resolution: {integrity: sha512-3B6S8LiKGtUtOsA97SkMddwggrza6JDtubnw1qjFb/mjqDmWO0PC1+QWeUspkLPFQCCbLaSVfXLWMdo44IGEmQ==}
    dependencies:
      datatables.net: 1.13.8
      jquery: 3.7.1
    dev: false

  /datatables.net-buttons-bs5@2.4.2:
    resolution: {integrity: sha512-FIapzeW8zBZJ6/yjnbXn22gjk0ONSLykFRfxiU5w1Zjnn2e3fPSi/xN9l9NagRXFvRO80zacC4nYmYOc2cXKfg==}
    dependencies:
      datatables.net-bs5: 1.13.8
      datatables.net-buttons: 2.4.2
      jquery: 3.7.1
    dev: false

  /datatables.net-buttons@2.4.2:
    resolution: {integrity: sha512-ps88Wk6yju8hPyqIPhHZ9xhL+pAfgoiI1nZsyPswvqk84kzcqgj1nmulSSLMYNwFG8awsU8C94gF+Pf+JhDh7g==}
    dependencies:
      datatables.net: 1.13.8
      jquery: 3.7.1
    dev: false

  /datatables.net-dt@1.13.8:
    resolution: {integrity: sha512-/ZPzr1hQ+domerlg/MbcQHqeeqxK9fsZmpRs1YeKxsdfr+UyHQTUiiOO7RqekppSLc7MPqxGnzKkCX9vAgqm0w==}
    dependencies:
      datatables.net: 1.13.8
      jquery: 3.7.1
    dev: false

  /datatables.net-plugins@1.13.6:
    resolution: {integrity: sha512-CPLH+09OiEAP3PKbZH7u2qcLajgHhy4fBHCdLzjGWJwKbIkhaPu7tby4jZHQXqoolUznbm3TEpJj4eMI1eqcGw==}
    dependencies:
      '@types/jquery': 3.5.29
      datatables.net: 1.13.8
    dev: false

  /datatables.net@1.13.8:
    resolution: {integrity: sha512-2pDamr+GUwPTby2OgriVB9dR9ftFKD2AQyiuCXzZIiG4d9KkKFQ7gqPfNmG7uj9Tc5kDf+rGj86do4LAb/V71g==}
    dependencies:
      jquery: 3.7.1
    dev: false

  /jquery@3.7.1:
    resolution: {integrity: sha512-m4avr8yL8kmFN8psrbFFFmB/If14iN5o9nw/NgnnM+kybDJpRsAynV2BsfpTYrTRysYUdADVD7CkUUizgkpLfg==}
    dev: false
